
Microsoft Visual Studio Solution File, Format Version 12.00
# Visual Studio 15
VisualStudioVersion = 15.0.28307.1169
MinimumVisualStudioVersion = 10.0.40219.1
Project("{FAE04EC0-301F-11D3-BF4B-00C04F79EFBC}") = "wariant-c", "wariant-c\wariant-c.csproj", "{D5E11492-8F85-46E7-8A0A-B62A268B0CA5}"
EndProject
Global
	GlobalSection(SolutionConfigurationPlatforms) = preSolution
		Debug|Any CPU = Debug|Any CPU
		Release|Any CPU = Release|Any CPU
	EndGlobalSection
	GlobalSection(ProjectConfigurationPlatforms) = postSolution
		{D5E11492-8F85-46E7-8A0A-B62A268B0CA5}.Debug|Any CPU.ActiveCfg = Debug|Any CPU
		{D5E11492-8F85-46E7-8A0A-B62A268B0CA5}.Debug|Any CPU.Build.0 = Debug|Any CPU
		{D5E11492-8F85-46E7-8A0A-B62A268B0CA5}.Release|Any CPU.ActiveCfg = Release|Any CPU
		{D5E11492-8F85-46E7-8A0A-B62A268B0CA5}.Release|Any CPU.Build.0 = Release|Any CPU
		{8B54922F-94A0-47BE-BAA2-C084CC6CE91F}.Debug|Any CPU.ActiveCfg = Debug|Any CPU
		{8B54922F-94A0-47BE-BAA2-C084CC6CE91F}.Debug|Any CPU.Build.0 = Debug|Any CPU
		{8B54922F-94A0-47BE-BAA2-C084CC6CE91F}.Release|Any CPU.ActiveCfg = Release|Any CPU
		{8B54922F-94A0-47BE-BAA2-C084CC6CE91F}.Release|Any CPU.Build.0 = Release|Any CPU
	EndGlobalSection
	GlobalSection(SolutionProperties) = preSolution
		HideSolutionNode = FALSE
	EndGlobalSection
	GlobalSection(ExtensibilityGlobals) = postSolution
		SolutionGuid = {FD95A13D-381A-48E5-A640-3F16AC899FA0}
	EndGlobalSection
EndGlobal
